
Microsoft Visual Studio Solution File, Format Version 12.00
# Visual Studio 15
VisualStudioVersion = 15.0.28307.168
MinimumVisualStudioVersion = 10.0.40219.1
Project("{FAE04EC0-301F-11D3-BF4B-00C04F79EFBC}") = "Reproduction_D-image", "Reproduction_D-image\Reproduction_D-image.csproj", "{4664CA86-8613-4B77-BA34-748862A39FCD}"
EndProject
Global
	GlobalSection(SolutionConfigurationPlatforms) = preSolution
		Debug|Any CPU = Debug|Any CPU
		Release|Any CPU = Release|Any CPU
	EndGlobalSection
	GlobalSection(ProjectConfigurationPlatforms) = postSolution
		{4664CA86-8613-4B77-BA34-748862A39FCD}.Debug|Any CPU.ActiveCfg = Debug|Any CPU
		{4664CA86-8613-4B77-BA34-748862A39FCD}.Debug|Any CPU.Build.0 = Debug|Any CPU
		{4664CA86-8613-4B77-BA34-748862A39FCD}.Release|Any CPU.ActiveCfg = Release|Any CPU
		{4664CA86-8613-4B77-BA34-748862A39FCD}.Release|Any CPU.Build.0 = Release|Any CPU
	EndGlobalSection
	GlobalSection(SolutionProperties) = preSolution
		HideSolutionNode = FALSE
	EndGlobalSection
	GlobalSection(ExtensibilityGlobals) = postSolution
		SolutionGuid = {3DC279CD-9980-47A7-8769-9D2AFA4F3321}
	EndGlobalSection
EndGlobal
